
Microsoft Visual Studio Solution File, Format Version 12.00
# Visual Studio Version 16
VisualStudioVersion = 16.0.30225.117
MinimumVisualStudioVersion = 10.0.40219.1
Project("{FAE04EC0-301F-11D3-BF4B-00C04F79EFBC}") = "SampleWebApp", "SampleWebApp.csproj", "{27B5564D-17C9-4634-93A9-77CD55EF6D11}"
EndProject
Global
	GlobalSection(SolutionConfigurationPlatforms) = preSolution
		Debug|Any CPU = Debug|Any CPU
		Release|Any CPU = Release|Any CPU
	EndGlobalSection
	GlobalSection(ProjectConfigurationPlatforms) = postSolution
		{27B5564D-17C9-4634-93A9-77CD55EF6D11}.Debug|Any CPU.ActiveCfg = Debug|Any CPU
		{27B5564D-17C9-4634-93A9-77CD55EF6D11}.Debug|Any CPU.Build.0 = Debug|Any CPU
		{27B5564D-17C9-4634-93A9-77CD55EF6D11}.Release|Any CPU.ActiveCfg = Release|Any CPU
		{27B5564D-17C9-4634-93A9-77CD55EF6D11}.Release|Any CPU.Build.0 = Release|Any CPU
	EndGlobalSection
	GlobalSection(SolutionProperties) = preSolution
		HideSolutionNode = FALSE
	EndGlobalSection
	GlobalSection(ExtensibilityGlobals) = postSolution
		SolutionGuid = {26122CD1-BD48-45D8-A121-BF96FAF1B8AB}
	EndGlobalSection
EndGlobal
